{
  "name": "gerald",
  "lockfileVersion": 2,
  "requires": true,
  "packages": {
    "": {
      "dependencies": {
        "date-fns": "^2.19.0"
      },
      "devDependencies": {
        "oracledb": "^5.1.0"
      }
    },
    "node_modules/date-fns": {
      "version": "2.19.0",
      "resolved": "https://artifacts.co.ihc.com/repomgr/repository/npm-all/date-fns/-/date-fns-2.19.0.tgz",
      "integrity": "sha512-X3bf2iTPgCAQp9wvjOQytnf5vO5rESYRXlPIVcgSbtT5OTScPcsf9eZU+B/YIkKAtYr5WeCii58BgATrNitlWg==",
      "license": "MIT",
      "engines": {
        "node": ">=0.11"
      },
      "funding": {
        "type": "opencollective",
        "url": "https://opencollective.com/date-fns"
      }
    },
    "node_modules/oracledb": {
      "version": "5.1.0",
      "resolved": "http://localhost:4873/oracledb/-/oracledb-5.1.0.tgz",
      "integrity": "sha512-/IpzG729lFj8NBsA0xaOijdf6ZO3VuJbebma/hSf+VUZoIyzI/mCzBX047ramb/W8yJ1SV/HdWgs+XEczbqsXg==",
      "dev": true,
      "hasInstallScript": true,
      "license": "Apache-2.0",
      "engines": {
        "node": ">=10.16"
      }
    }
  },
  "dependencies": {
    "date-fns": {
      "version": "2.19.0",
      "resolved": "https://artifacts.co.ihc.com/repomgr/repository/npm-all/date-fns/-/date-fns-2.19.0.tgz",
      "integrity": "sha512-X3bf2iTPgCAQp9wvjOQytnf5vO5rESYRXlPIVcgSbtT5OTScPcsf9eZU+B/YIkKAtYr5WeCii58BgATrNitlWg=="
    },
    "oracledb": {
      "version": "5.1.0",
      "resolved": "http://localhost:4873/oracledb/-/oracledb-5.1.0.tgz",
      "integrity": "sha512-/IpzG729lFj8NBsA0xaOijdf6ZO3VuJbebma/hSf+VUZoIyzI/mCzBX047ramb/W8yJ1SV/HdWgs+XEczbqsXg==",
      "dev": true
    }
  }
}
